// !$*UTF8*$!
{
	archiveVersion = 1;
	classes = {
	};
	objectVersion = 55;
	objects = {

/* Begin PBXBuildFile section */
		3B657E49DA42B7EA5B278772 /* Pods_SocialShareDemo.framework in Frameworks */ = {isa = PBXBuildFile; fileRef = 72FF4D0D42CEA15BA6D10017 /* Pods_SocialShareDemo.framework */; };
		CC8293C32A344F42008A8DE8 /* AppDelegate.swift in Sources */ = {isa = PBXBuildFile; fileRef = CC8293C22A344F42008A8DE8 /* AppDelegate.swift */; };
		CC8293C52A344F42008A8DE8 /* SceneDelegate.swift in Sources */ = {isa = PBXBuildFile; fileRef = CC8293C42A344F42008A8DE8 /* SceneDelegate.swift */; };
		CC8293C72A344F42008A8DE8 /* ViewController.swift in Sources */ = {isa = PBXBuildFile; fileRef = CC8293C62A344F42008A8DE8 /* ViewController.swift */; };
		CC8293CA2A344F42008A8DE8 /* Main.storyboard in Resources */ = {isa = PBXBuildFile; fileRef = CC8293C82A344F42008A8DE8 /* Main.storyboard */; };
		CC8293CC2A344F43008A8DE8 /* Assets.xcassets in Resources */ = {isa = PBXBuildFile; fileRef = CC8293CB2A344F43008A8DE8 /* Assets.xcassets */; };
		CC8293CF2A344F43008A8DE8 /* LaunchScreen.storyboard in Resources */ = {isa = PBXBuildFile; fileRef = CC8293CD2A344F43008A8DE8 /* LaunchScreen.storyboard */; };
/* End PBXBuildFile section */

/* Begin PBXFileReference section */
		72FF4D0D42CEA15BA6D10017 /* Pods_SocialShareDemo.framework */ = {isa = PBXFileReference; explicitFileType = wrapper.framework; includeInIndex = 0; path = Pods_SocialShareDemo.framework; sourceTree = BUILT_PRODUCTS_DIR; };
		90AAB332596D8008EB985230 /* Pods-SocialShareDemo.release.xcconfig */ = {isa = PBXFileReference; includeInIndex = 1; lastKnownFileType = text.xcconfig; name = "Pods-SocialShareDemo.release.xcconfig"; path = "Target Support Files/Pods-SocialShareDemo/Pods-SocialShareDemo.release.xcconfig"; sourceTree = "<group>"; };
		CC8293BF2A344F42008A8DE8 /* SocialShareDemo.app */ = {isa = PBXFileReference; explicitFileType = wrapper.application; includeInIndex = 0; path = SocialShareDemo.app; sourceTree = BUILT_PRODUCTS_DIR; };
		CC8293C22A344F42008A8DE8 /* AppDelegate.swift */ = {isa = PBXFileReference; lastKnownFileType = sourcecode.swift; path = AppDelegate.swift; sourceTree = "<group>"; };
		CC8293C42A344F42008A8DE8 /* SceneDelegate.swift */ = {isa = PBXFileReference; lastKnownFileType = sourcecode.swift; path = SceneDelegate.swift; sourceTree = "<group>"; };
		CC8293C62A344F42008A8DE8 /* ViewController.swift */ = {isa = PBXFileReference; lastKnownFileType = sourcecode.swift; path = ViewController.swift; sourceTree = "<group>"; };
		CC8293C92A344F42008A8DE8 /* Base */ = {isa = PBXFileReference; lastKnownFileType = file.storyboard; name = Base; path = Base.lproj/Main.storyboard; sourceTree = "<group>"; };
		CC8293CB2A344F43008A8DE8 /* Assets.xcassets */ = {isa = PBXFileReference; lastKnownFileType = folder.assetcatalog; path = Assets.xcassets; sourceTree = "<group>"; };
		CC8293CE2A344F43008A8DE8 /* Base */ = {isa = PBXFileReference; lastKnownFileType = file.storyboard; name = Base; path = Base.lproj/LaunchScreen.storyboard; sourceTree = "<group>"; };
		CC8293D02A344F43008A8DE8 /* Info.plist */ = {isa = PBXFileReference; lastKnownFileType = text.plist.xml; path = Info.plist; sourceTree = "<group>"; };
		EB902776C4BF32ECDF6C89C3 /* Pods-SocialShareDemo.debug.xcconfig */ = {isa = PBXFileReference; includeInIndex = 1; lastKnownFileType = text.xcconfig; name = "Pods-SocialShareDemo.debug.xcconfig"; path = "Target Support Files/Pods-SocialShareDemo/Pods-SocialShareDemo.debug.xcconfig"; sourceTree = "<group>"; };
/* End PBXFileReference section */

/* Begin PBXFrameworksBuildPhase section */
		CC8293BC2A344F42008A8DE8 /* Frameworks */ = {
			isa = PBXFrameworksBuildPhase;
			buildActionMask = 2147483647;
			files = (
				3B657E49DA42B7EA5B278772 /* Pods_SocialShareDemo.framework in Frameworks */,
			);
			runOnlyForDeploymentPostprocessing = 0;
		};
/* End PBXFrameworksBuildPhase section */

/* Begin PBXGroup section */
		36AF0F545861802813142C73 /* Pods */ = {
			isa = PBXGroup;
			children = (
				EB902776C4BF32ECDF6C89C3 /* Pods-SocialShareDemo.debug.xcconfig */,
				90AAB332596D8008EB985230 /* Pods-SocialShareDemo.release.xcconfig */,
			);
			path = Pods;
			sourceTree = "<group>";
		};
		8D9C5A4DD9E8E71E5302E679 /* Frameworks */ = {
			isa = PBXGroup;
			children = (
				72FF4D0D42CEA15BA6D10017 /* Pods_SocialShareDemo.framework */,
			);
			name = Frameworks;
			sourceTree = "<group>";
		};
		CC8293B62A344F42008A8DE8 = {
			isa = PBXGroup;
			children = (
				CC8293C12A344F42008A8DE8 /* SocialShareDemo */,
				CC8293C02A344F42008A8DE8 /* Products */,
				36AF0F545861802813142C73 /* Pods */,
				8D9C5A4DD9E8E71E5302E679 /* Frameworks */,
			);
			sourceTree = "<group>";
		};
		CC8293C02A344F42008A8DE8 /* Products */ = {
			isa = PBXGroup;
			children = (
				CC8293BF2A344F42008A8DE8 /* SocialShareDemo.app */,
			);
			name = Products;
			sourceTree = "<group>";
		};
		CC8293C12A344F42008A8DE8 /* SocialShareDemo */ = {
			isa = PBXGroup;
			children = (
				CC8293C22A344F42008A8DE8 /* AppDelegate.swift */,
				CC8293C42A344F42008A8DE8 /* SceneDelegate.swift */,
				CC8293C62A344F42008A8DE8 /* ViewController.swift */,
				CC8293C82A344F42008A8DE8 /* Main.storyboard */,
				CC8293CB2A344F43008A8DE8 /* Assets.xcassets */,
				CC8293CD2A344F43008A8DE8 /* LaunchScreen.storyboard */,
				CC8293D02A344F43008A8DE8 /* Info.plist */,
			);
			path = SocialShareDemo;
			sourceTree = "<group>";
		};
/* End PBXGroup section */

/* Begin PBXNativeTarget section */
		CC8293BE2A344F42008A8DE8 /* SocialShareDemo */ = {
			isa = PBXNativeTarget;
			buildConfigurationList = CC8293D32A344F43008A8DE8 /* Build configuration list for PBXNativeTarget "SocialShareDemo" */;
			buildPhases = (
				3D33D9AA6E78F9AD30E41F78 /* [CP] Check Pods Manifest.lock */,
				CC8293BB2A344F42008A8DE8 /* Sources */,
				CC8293BC2A344F42008A8DE8 /* Frameworks */,
				CC8293BD2A344F42008A8DE8 /* Resources */,
			);
			buildRules = (
			);
			dependencies = (
			);
			name = SocialShareDemo;
			productName = SocialShareDemo;
			productReference = CC8293BF2A344F42008A8DE8 /* SocialShareDemo.app */;
			productType = "com.apple.product-type.application";
		};
/* End PBXNativeTarget section */

/* Begin PBXProject section */
		CC8293B72A344F42008A8DE8 /* Project object */ = {
			isa = PBXProject;
			attributes = {
				BuildIndependentTargetsInParallel = 1;
				LastSwiftUpdateCheck = 1310;
				LastUpgradeCheck = 1310;
				TargetAttributes = {
					CC8293BE2A344F42008A8DE8 = {
						CreatedOnToolsVersion = 13.1;
					};
				};
			};
			buildConfigurationList = CC8293BA2A344F42008A8DE8 /* Build configuration list for PBXProject "SocialShareDemo" */;
			compatibilityVersion = "Xcode 13.0";
			developmentRegion = en;
			hasScannedForEncodings = 0;
			knownRegions = (
				en,
				Base,
			);
			mainGroup = CC8293B62A344F42008A8DE8;
			productRefGroup = CC8293C02A344F42008A8DE8 /* Products */;
			projectDirPath = "";
			projectRoot = "";
			targets = (
				CC8293BE2A344F42008A8DE8 /* SocialShareDemo */,
			);
		};
/* End PBXProject section */

/* Begin PBXResourcesBuildPhase section */
		CC8293BD2A344F42008A8DE8 /* Resources */ = {
			isa = PBXResourcesBuildPhase;
			buildActionMask = 2147483647;
			files = (
				CC8293CF2A344F43008A8DE8 /* LaunchScreen.storyboard in Resources */,
				CC8293CC2A344F43008A8DE8 /* Assets.xcassets in Resources */,
				CC8293CA2A344F42008A8DE8 /* Main.storyboard in Resources */,
			);
			runOnlyForDeploymentPostprocessing = 0;
		};
/* End PBXResourcesBuildPhase section */

/* Begin PBXShellScriptBuildPhase section */
		3D33D9AA6E78F9AD30E41F78 /* [CP] Check Pods Manifest.lock */ = {
			isa = PBXShellScriptBuildPhase;
			buildActionMask = 2147483647;
			files = (
			);
			inputFileListPaths = (
			);
			inputPaths = (
				"${PODS_PODFILE_DIR_PATH}/Podfile.lock",
				"${PODS_ROOT}/Manifest.lock",
			);
			name = "[CP] Check Pods Manifest.lock";
			outputFileListPaths = (
			);
			outputPaths = (
				"$(DERIVED_FILE_DIR)/Pods-SocialShareDemo-checkManifestLockResult.txt",
			);
			runOnlyForDeploymentPostprocessing = 0;
			shellPath = /bin/sh;
			shellScript = "diff \"${PODS_PODFILE_DIR_PATH}/Podfile.lock\" \"${PODS_ROOT}/Manifest.lock\" > /dev/null\nif [ $? != 0 ] ; then\n    # print error to STDERR\n    echo \"error: The sandbox is not in sync with the Podfile.lock. Run 'pod install' or update your CocoaPods installation.\" >&2\n    exit 1\nfi\n# This output is used by Xcode 'outputs' to avoid re-running this script phase.\necho \"SUCCESS\" > \"${SCRIPT_OUTPUT_FILE_0}\"\n";
			showEnvVarsInLog = 0;
		};
/* End PBXShellScriptBuildPhase section */

/* Begin PBXSourcesBuildPhase section */
		CC8293BB2A344F42008A8DE8 /* Sources */ = {
			isa = PBXSourcesBuildPhase;
			buildActionMask = 2147483647;
			files = (
				CC8293C72A344F42008A8DE8 /* ViewController.swift in Sources */,
				CC8293C32A344F42008A8DE8 /* AppDelegate.swift in Sources */,
				CC8293C52A344F42008A8DE8 /* SceneDelegate.swift in Sources */,
			);
			runOnlyForDeploymentPostprocessing = 0;
		};
/* End PBXSourcesBuildPhase section */

/* Begin PBXVariantGroup section */
		CC8293C82A344F42008A8DE8 /* Main.storyboard */ = {
			isa = PBXVariantGroup;
			children = (
				CC8293C92A344F42008A8DE8 /* Base */,
			);
			name = Main.storyboard;
			sourceTree = "<group>";
		};
		CC8293CD2A344F43008A8DE8 /* LaunchScreen.storyboard */ = {
			isa = PBXVariantGroup;
			children = (
				CC8293CE2A344F43008A8DE8 /* Base */,
			);
			name = LaunchScreen.storyboard;
			sourceTree = "<group>";
		};
/* End PBXVariantGroup section */

/* Begin XCBuildConfiguration section */
		CC8293D12A344F43008A8DE8 /* Debug */ = {
			isa = XCBuildConfiguration;
			buildSettings = {
				ALWAYS_SEARCH_USER_PATHS = NO;
				CLANG_ANALYZER_NONNULL = YES;
				CLANG_ANALYZER_NUMBER_OBJECT_CONVERSION = YES_AGGRESSIVE;
				CLANG_CXX_LANGUAGE_STANDARD = "gnu++17";
				CLANG_CXX_LIBRARY = "libc++";
				CLANG_ENABLE_MODULES = YES;
				CLANG_ENABLE_OBJC_ARC = YES;
				CLANG_ENABLE_OBJC_WEAK = YES;
				CLANG_WARN_BLOCK_CAPTURE_AUTORELEASING = YES;
				CLANG_WARN_BOOL_CONVERSION = YES;
				CLANG_WARN_COMMA = YES;
				CLANG_WARN_CONSTANT_CONVERSION = YES;
				CLANG_WARN_DEPRECATED_OBJC_IMPLEMENTATIONS = YES;
				CLANG_WARN_DIRECT_OBJC_ISA_USAGE = YES_ERROR;
				CLANG_WARN_DOCUMENTATION_COMMENTS = YES;
				CLANG_WARN_EMPTY_BODY = YES;
				CLANG_WARN_ENUM_CONVERSION = YES;
				CLANG_WARN_INFINITE_RECURSION = YES;
				CLANG_WARN_INT_CONVERSION = YES;
				CLANG_WARN_NON_LITERAL_NULL_CONVERSION = YES;
				CLANG_WARN_OBJC_IMPLICIT_RETAIN_SELF = YES;
				CLANG_WARN_OBJC_LITERAL_CONVERSION = YES;
				CLANG_WARN_OBJC_ROOT_CLASS = YES_ERROR;
				CLANG_WARN_QUOTED_INCLUDE_IN_FRAMEWORK_HEADER = YES;
				CLANG_WARN_RANGE_LOOP_ANALYSIS = YES;
				CLANG_WARN_STRICT_PROTOTYPES = YES;
				CLANG_WARN_SUSPICIOUS_MOVE = YES;
				CLANG_WARN_UNGUARDED_AVAILABILITY = YES_AGGRESSIVE;
				CLANG_WARN_UNREACHABLE_CODE = YES;
				CLANG_WARN__DUPLICATE_METHOD_MATCH = YES;
				COPY_PHASE_STRIP = NO;
				DEBUG_INFORMATION_FORMAT = dwarf;
				ENABLE_STRICT_OBJC_MSGSEND = YES;
				ENABLE_TESTABILITY = YES;
				GCC_C_LANGUAGE_STANDARD = gnu11;
				GCC_DYNAMIC_NO_PIC = NO;
				GCC_NO_COMMON_BLOCKS = YES;
				GCC_OPTIMIZATION_LEVEL = 0;
				GCC_PREPROCESSOR_DEFINITIONS = (
					"DEBUG=1",
					"$(inherited)",
				);
				GCC_WARN_64_TO_32_BIT_CONVERSION = YES;
				GCC_WARN_ABOUT_RETURN_TYPE = YES_ERROR;
				GCC_WARN_UNDECLARED_SELECTOR = YES;
				GCC_WARN_UNINITIALIZED_AUTOS = YES_AGGRESSIVE;
				GCC_WARN_UNUSED_FUNCTION = YES;
				GCC_WARN_UNUSED_VARIABLE = YES;
				IPHONEOS_DEPLOYMENT_TARGET = 15.0;
				MTL_ENABLE_DEBUG_INFO = INCLUDE_SOURCE;
				MTL_FAST_MATH = YES;
				ONLY_ACTIVE_ARCH = YES;
				SDKROOT = iphoneos;
				SWIFT_ACTIVE_COMPILATION_CONDITIONS = DEBUG;
				SWIFT_OPTIMIZATION_LEVEL = "-Onone";
			};
			name = Debug;
		};
		CC8293D22A344F43008A8DE8 /* Release */ = {
			isa = XCBuildConfiguration;
			buildSettings = {
				ALWAYS_SEARCH_USER_PATHS = NO;
				CLANG_ANALYZER_NONNULL = YES;
				CLANG_ANALYZER_NUMBER_OBJECT_CONVERSION = YES_AGGRESSIVE;
				CLANG_CXX_LANGUAGE_STANDARD = "gnu++17";
				CLANG_CXX_LIBRARY = "libc++";
				CLANG_ENABLE_MODULES = YES;
				CLANG_ENABLE_OBJC_ARC = YES;
				CLANG_ENABLE_OBJC_WEAK = YES;
				CLANG_WARN_BLOCK_CAPTURE_AUTORELEASING = YES;
				CLANG_WARN_BOOL_CONVERSION = YES;
				CLANG_WARN_COMMA = YES;
				CLANG_WARN_CONSTANT_CONVERSION = YES;
				CLANG_WARN_DEPRECATED_OBJC_IMPLEMENTATIONS = YES;
				CLANG_WARN_DIRECT_OBJC_ISA_USAGE = YES_ERROR;
				CLANG_WARN_DOCUMENTATION_COMMENTS = YES;
				CLANG_WARN_EMPTY_BODY = YES;
				CLANG_WARN_ENUM_CONVERSION = YES;
				CLANG_WARN_INFINITE_RECURSION = YES;
				CLANG_WARN_INT_CONVERSION = YES;
				CLANG_WARN_NON_LITERAL_NULL_CONVERSION = YES;
				CLANG_WARN_OBJC_IMPLICIT_RETAIN_SELF = YES;
				CLANG_WARN_OBJC_LITERAL_CONVERSION = YES;
				CLANG_WARN_OBJC_ROOT_CLASS = YES_ERROR;
				CLANG_WARN_QUOTED_INCLUDE_IN_FRAMEWORK_HEADER = YES;
				CLANG_WARN_RANGE_LOOP_ANALYSIS = YES;
				CLANG_WARN_STRICT_PROTOTYPES = YES;
				CLANG_WARN_SUSPICIOUS_MOVE = YES;
				CLANG_WARN_UNGUARDED_AVAILABILITY = YES_AGGRESSIVE;
				CLANG_WARN_UNREACHABLE_CODE = YES;
				CLANG_WARN__DUPLICATE_METHOD_MATCH = YES;
				COPY_PHASE_STRIP = NO;
				DEBUG_INFORMATION_FORMAT = "dwarf-with-dsym";
				ENABLE_NS_ASSERTIONS = NO;
				ENABLE_STRICT_OBJC_MSGSEND = YES;
				GCC_C_LANGUAGE_STANDARD = gnu11;
				GCC_NO_COMMON_BLOCKS = YES;
				GCC_WARN_64_TO_32_BIT_CONVERSION = YES;
				GCC_WARN_ABOUT_RETURN_TYPE = YES_ERROR;
				GCC_WARN_UNDECLARED_SELECTOR = YES;
				GCC_WARN_UNINITIALIZED_AUTOS = YES_AGGRESSIVE;
				GCC_WARN_UNUSED_FUNCTION = YES;
				GCC_WARN_UNUSED_VARIABLE = YES;
				IPHONEOS_DEPLOYMENT_TARGET = 15.0;
				MTL_ENABLE_DEBUG_INFO = NO;
				MTL_FAST_MATH = YES;
				SDKROOT = iphoneos;
				SWIFT_COMPILATION_MODE = wholemodule;
				SWIFT_OPTIMIZATION_LEVEL = "-O";
				VALIDATE_PRODUCT = YES;
			};
			name = Release;
		};
		CC8293D42A344F43008A8DE8 /* Debug */ = {
			isa = XCBuildConfiguration;
			baseConfigurationReference = EB902776C4BF32ECDF6C89C3 /* Pods-SocialShareDemo.debug.xcconfig */;
			buildSettings = {
				ASSETCATALOG_COMPILER_APPICON_NAME = AppIcon;
				ASSETCATALOG_COMPILER_GLOBAL_ACCENT_COLOR_NAME = AccentColor;
				CODE_SIGN_STYLE = Automatic;
				CURRENT_PROJECT_VERSION = 1;
				DEVELOPMENT_TEAM = KWKTB84949;
				GENERATE_INFOPLIST_FILE = YES;
				INFOPLIST_FILE = SocialShareDemo/Info.plist;
				INFOPLIST_KEY_UIApplicationSupportsIndirectInputEvents = YES;
				INFOPLIST_KEY_UILaunchStoryboardName = LaunchScreen;
				INFOPLIST_KEY_UIMainStoryboardFile = Main;
				INFOPLIST_KEY_UISupportedInterfaceOrientations_iPad = "UIInterfaceOrientationPortrait UIInterfaceOrientationPortraitUpsideDown UIInterfaceOrientationLandscapeLeft UIInterfaceOrientationLandscapeRight";
				INFOPLIST_KEY_UISupportedInterfaceOrientations_iPhone = "UIInterfaceOrientationPortrait UIInterfaceOrientationLandscapeLeft UIInterfaceOrientationLandscapeRight";
				LD_RUNPATH_SEARCH_PATHS = (
					"$(inherited)",
					"@executable_path/Frameworks",
				);
				MARKETING_VERSION = 1.0;
				PRODUCT_BUNDLE_IDENTIFIER = com.SocialShareDemo;
				PRODUCT_NAME = "$(TARGET_NAME)";
				SWIFT_EMIT_LOC_STRINGS = YES;
				SWIFT_VERSION = 5.0;
				TARGETED_DEVICE_FAMILY = "1,2";
			};
			name = Debug;
		};
		CC8293D52A344F43008A8DE8 /* Release */ = {
			isa = XCBuildConfiguration;
			baseConfigurationReference = 90AAB332596D8008EB985230 /* Pods-SocialShareDemo.release.xcconfig */;
			buildSettings = {
				ASSETCATALOG_COMPILER_APPICON_NAME = AppIcon;
				ASSETCATALOG_COMPILER_GLOBAL_ACCENT_COLOR_NAME = AccentColor;
				CODE_SIGN_STYLE = Automatic;
				CURRENT_PROJECT_VERSION = 1;
				DEVELOPMENT_TEAM = KWKTB84949;
				GENERATE_INFOPLIST_FILE = YES;
				INFOPLIST_FILE = SocialShareDemo/Info.plist;
				INFOPLIST_KEY_UIApplicationSupportsIndirectInputEvents = YES;
				INFOPLIST_KEY_UILaunchStoryboardName = LaunchScreen;
				INFOPLIST_KEY_UIMainStoryboardFile = Main;
				INFOPLIST_KEY_UISupportedInterfaceOrientations_iPad = "UIInterfaceOrientationPortrait UIInterfaceOrientationPortraitUpsideDown UIInterfaceOrientationLandscapeLeft UIInterfaceOrientationLandscapeRight";
				INFOPLIST_KEY_UISupportedInterfaceOrientations_iPhone = "UIInterfaceOrientationPortrait UIInterfaceOrientationLandscapeLeft UIInterfaceOrientationLandscapeRight";
				LD_RUNPATH_SEARCH_PATHS = (
					"$(inherited)",
					"@executable_path/Frameworks",
				);
				MARKETING_VERSION = 1.0;
				PRODUCT_BUNDLE_IDENTIFIER = com.SocialShareDemo;
				PRODUCT_NAME = "$(TARGET_NAME)";
				SWIFT_EMIT_LOC_STRINGS = YES;
				SWIFT_VERSION = 5.0;
				TARGETED_DEVICE_FAMILY = "1,2";
			};
			name = Release;
		};
/* End XCBuildConfiguration section */

/* Begin XCConfigurationList section */
		CC8293BA2A344F42008A8DE8 /* Build configuration list for PBXProject "SocialShareDemo" */ = {
			isa = XCConfigurationList;
			buildConfigurations = (
				CC8293D12A344F43008A8DE8 /* Debug */,
				CC8293D22A344F43008A8DE8 /* Release */,
			);
			defaultConfigurationIsVisible = 0;
			defaultConfigurationName = Release;
		};
		CC8293D32A344F43008A8DE8 /* Build configuration list for PBXNativeTarget "SocialShareDemo" */ = {
			isa = XCConfigurationList;
			buildConfigurations = (
				CC8293D42A344F43008A8DE8 /* Debug */,
				CC8293D52A344F43008A8DE8 /* Release */,
			);
			defaultConfigurationIsVisible = 0;
			defaultConfigurationName = Release;
		};
/* End XCConfigurationList section */
	};
	rootObject = CC8293B72A344F42008A8DE8 /* Project object */;
}
